{
  "projects": [
    {
      "projectId": "hjKYmYi6HMwK6TRyk7ew5R",
      "version": "6.37.0",
      "dependencies": {},
      "lang": "js",
      "fileLocks": [
        {
          "assetId": "hjKYmYi6HMwK6TRyk7ew5R",
          "type": "projectCss",
          "checksum": "e76cee85e96cb3fff580d5552a47cfe4"
        },
        {
          "assetId": "hjKYmYi6HMwK6TRyk7ew5R",
          "checksum": "ce1c1c4c2068f2505d175a1b6e17d26a",
          "type": "globalContexts"
        }
      ],
      "codegenVersion": "0.0.1"
    },
    {
      "projectId": "YUiM7yqBWAqsh8KSnrdj7",
      "version": "0.27.0",
      "dependencies": {},
      "lang": "js",
      "fileLocks": [
        {
          "assetId": "YUiM7yqBWAqsh8KSnrdj7",
          "type": "projectCss",
          "checksum": "dac72600b04b6e6a3014e82512a15fe1"
        }
      ],
      "codegenVersion": "0.0.1"
    },
    {
      "projectId": "ohDidvG9XsCeFumugENU3J",
      "version": "6.20.0",
      "dependencies": {},
      "lang": "js",
      "fileLocks": [
        {
          "assetId": "ohDidvG9XsCeFumugENU3J",
          "type": "projectCss",
          "checksum": "fd83b730367fdbde2c69bc6cf31c2a3c"
        },
        {
          "assetId": "ohDidvG9XsCeFumugENU3J",
          "checksum": "de0a0e65174a6a185a8f822af51c6bdd",
          "type": "globalContexts"
        }
      ],
      "codegenVersion": "0.0.1"
    },
    {
      "projectId": "7nJ7UcFmq9UzB6eXfC5z4a",
      "version": "0.26.0",
      "dependencies": {},
      "lang": "js",
      "fileLocks": [
        {
          "assetId": "7nJ7UcFmq9UzB6eXfC5z4a",
          "type": "projectCss",
          "checksum": "05587b57f22f0ec8bb54543deb39762e"
        }
      ],
      "codegenVersion": "0.0.1"
    },
    {
      "projectId": "sMuK5QvKwWGrkw9DYJKXqS",
      "version": "latest",
      "dependencies": {
        "7nJ7UcFmq9UzB6eXfC5z4a": "0.26.0",
        "ohDidvG9XsCeFumugENU3J": "6.20.0",
        "YUiM7yqBWAqsh8KSnrdj7": "0.27.0",
        "hjKYmYi6HMwK6TRyk7ew5R": "6.37.0"
      },
      "lang": "js",
      "fileLocks": [
        {
          "type": "globalVariant",
          "assetId": "CVfb4yQ8quPw",
          "checksum": "f33a80ba15bc3d22f1f1418a01795cdc"
        },
        {
          "assetId": "sMuK5QvKwWGrkw9DYJKXqS",
          "checksum": "df69e7227b7fe15889f1c6042ed1e66a",
          "type": "globalContexts"
        },
        {
          "type": "renderModule",
          "assetId": "02c6mnCcd3D_",
          "checksum": "d671dc51017f1304217eb66c48212a56"
        },
        {
          "type": "cssRules",
          "assetId": "02c6mnCcd3D_",
          "checksum": "d671dc51017f1304217eb66c48212a56"
        },
        {
          "type": "renderModule",
          "assetId": "9XGMtbgMgxd4",
          "checksum": "f6a8954f4338bde92de3f0aaa8e92119"
        },
        {
          "type": "cssRules",
          "assetId": "9XGMtbgMgxd4",
          "checksum": "f6a8954f4338bde92de3f0aaa8e92119"
        },
        {
          "type": "renderModule",
          "assetId": "Humveg51WdE0",
          "checksum": "341269ab4bedc6ed07396e1edddc143b"
        },
        {
          "type": "cssRules",
          "assetId": "Humveg51WdE0",
          "checksum": "341269ab4bedc6ed07396e1edddc143b"
        },
        {
          "type": "renderModule",
          "assetId": "THQJaQv5lxYb",
          "checksum": "0cc85c1a0f581620a8a008f53c1225ba"
        },
        {
          "type": "cssRules",
          "assetId": "THQJaQv5lxYb",
          "checksum": "0cc85c1a0f581620a8a008f53c1225ba"
        },
        {
          "type": "renderModule",
          "assetId": "1H_RiyunFQyd",
          "checksum": "2c14f2082b803c9805b7c84014c0c248"
        },
        {
          "type": "cssRules",
          "assetId": "1H_RiyunFQyd",
          "checksum": "2c14f2082b803c9805b7c84014c0c248"
        },
        {
          "type": "renderModule",
          "assetId": "wfq8Pg6xN7lL",
          "checksum": "d1c278c12e1bcb7fa5f58d5f724225a5"
        },
        {
          "type": "cssRules",
          "assetId": "wfq8Pg6xN7lL",
          "checksum": "d1c278c12e1bcb7fa5f58d5f724225a5"
        },
        {
          "type": "renderModule",
          "assetId": "m2U6ZOt1kBnV",
          "checksum": "9f85170a683e10579f0b70bdbbd98ee4"
        },
        {
          "type": "cssRules",
          "assetId": "m2U6ZOt1kBnV",
          "checksum": "9f85170a683e10579f0b70bdbbd98ee4"
        },
        {
          "type": "renderModule",
          "assetId": "fuJsS2TYj0Tg",
          "checksum": "ef459d9d55750ff9e1df5ea07e5e58e4"
        },
        {
          "type": "cssRules",
          "assetId": "fuJsS2TYj0Tg",
          "checksum": "ef459d9d55750ff9e1df5ea07e5e58e4"
        },
        {
          "type": "renderModule",
          "assetId": "psppkTLgzWJv",
          "checksum": "0fd7c0fe5a1f55cd9ad7381c7f561ef7"
        },
        {
          "type": "cssRules",
          "assetId": "psppkTLgzWJv",
          "checksum": "0fd7c0fe5a1f55cd9ad7381c7f561ef7"
        },
        {
          "type": "renderModule",
          "assetId": "CdorolRrquMt",
          "checksum": "b40d6c075e976bf0aecd789813b529a4"
        },
        {
          "type": "cssRules",
          "assetId": "CdorolRrquMt",
          "checksum": "b40d6c075e976bf0aecd789813b529a4"
        },
        {
          "type": "renderModule",
          "assetId": "vYDHj97aG-Fr",
          "checksum": "226e1a5fc066091292931fcf7b438753"
        },
        {
          "type": "cssRules",
          "assetId": "vYDHj97aG-Fr",
          "checksum": "226e1a5fc066091292931fcf7b438753"
        },
        {
          "type": "renderModule",
          "assetId": "N9gy9M1hNSpN",
          "checksum": "4429419efaff8505a1b1787168bce579"
        },
        {
          "type": "cssRules",
          "assetId": "N9gy9M1hNSpN",
          "checksum": "4429419efaff8505a1b1787168bce579"
        },
        {
          "type": "renderModule",
          "assetId": "DmzRb63NDqeE",
          "checksum": "7c4de1329ee41678a897eaad1de90fb3"
        },
        {
          "type": "cssRules",
          "assetId": "DmzRb63NDqeE",
          "checksum": "7c4de1329ee41678a897eaad1de90fb3"
        },
        {
          "type": "renderModule",
          "assetId": "jft_q_QOdIxS",
          "checksum": "7faca6cc03c77845fa8b747574980534"
        },
        {
          "type": "cssRules",
          "assetId": "jft_q_QOdIxS",
          "checksum": "7faca6cc03c77845fa8b747574980534"
        },
        {
          "type": "renderModule",
          "assetId": "fgkgj9cztLFy",
          "checksum": "01287d2283650576d05e97bf3741183a"
        },
        {
          "type": "cssRules",
          "assetId": "fgkgj9cztLFy",
          "checksum": "01287d2283650576d05e97bf3741183a"
        },
        {
          "type": "renderModule",
          "assetId": "AYCB2JsD6a96",
          "checksum": "136bd15527f1f2798473798241f9fb91"
        },
        {
          "type": "cssRules",
          "assetId": "AYCB2JsD6a96",
          "checksum": "136bd15527f1f2798473798241f9fb91"
        },
        {
          "type": "renderModule",
          "assetId": "E54ySe9kb_ns",
          "checksum": "59a4cbc3dc40ec5b6501803c15cb9239"
        },
        {
          "type": "cssRules",
          "assetId": "E54ySe9kb_ns",
          "checksum": "59a4cbc3dc40ec5b6501803c15cb9239"
        },
        {
          "type": "renderModule",
          "assetId": "GyNHfM4sC7dg",
          "checksum": "68e4b4f89a2d817650b9a11c32ed18e7"
        },
        {
          "type": "cssRules",
          "assetId": "GyNHfM4sC7dg",
          "checksum": "68e4b4f89a2d817650b9a11c32ed18e7"
        },
        {
          "type": "renderModule",
          "assetId": "EBaTriZvUq0t",
          "checksum": "cc13f9ed2ded3c07f59ec4e87e79045a"
        },
        {
          "type": "cssRules",
          "assetId": "EBaTriZvUq0t",
          "checksum": "cc13f9ed2ded3c07f59ec4e87e79045a"
        },
        {
          "type": "renderModule",
          "assetId": "YwLEwoKK2_A_",
          "checksum": "62e08f8a2aec84ac9bea3688df21fc93"
        },
        {
          "type": "cssRules",
          "assetId": "YwLEwoKK2_A_",
          "checksum": "62e08f8a2aec84ac9bea3688df21fc93"
        },
        {
          "type": "renderModule",
          "assetId": "lvuurI1LIC5j",
          "checksum": "279a60bea5f3f504052da4c557903706"
        },
        {
          "type": "cssRules",
          "assetId": "lvuurI1LIC5j",
          "checksum": "279a60bea5f3f504052da4c557903706"
        },
        {
          "type": "renderModule",
          "assetId": "DmT0Nv4lo2K2",
          "checksum": "f1b0ab944a6b332ad6436af91fabdd9b"
        },
        {
          "type": "cssRules",
          "assetId": "DmT0Nv4lo2K2",
          "checksum": "f1b0ab944a6b332ad6436af91fabdd9b"
        },
        {
          "type": "renderModule",
          "assetId": "3S4AvuTUvqsi",
          "checksum": "0b24e01c06cb536d1e1451c31e071d3e"
        },
        {
          "type": "cssRules",
          "assetId": "3S4AvuTUvqsi",
          "checksum": "0b24e01c06cb536d1e1451c31e071d3e"
        },
        {
          "type": "renderModule",
          "assetId": "PJgWtRccDtfX",
          "checksum": "5a34387a582f1878189465231fa402c6"
        },
        {
          "type": "cssRules",
          "assetId": "PJgWtRccDtfX",
          "checksum": "5a34387a582f1878189465231fa402c6"
        },
        {
          "type": "renderModule",
          "assetId": "NGI8y2GcvmiY",
          "checksum": "18270c43362fcaae6082b7898adeb783"
        },
        {
          "type": "cssRules",
          "assetId": "NGI8y2GcvmiY",
          "checksum": "18270c43362fcaae6082b7898adeb783"
        },
        {
          "type": "renderModule",
          "assetId": "VOI3V9ZXwYTg",
          "checksum": "5edd7f2a7294ec136576e30f855e05ec"
        },
        {
          "type": "cssRules",
          "assetId": "VOI3V9ZXwYTg",
          "checksum": "5edd7f2a7294ec136576e30f855e05ec"
        },
        {
          "type": "icon",
          "assetId": "sQ8x7sChxUSk",
          "checksum": "5517d615815d8e866be8639ce69ca827"
        },
        {
          "type": "icon",
          "assetId": "kjxdzeGDgxa9",
          "checksum": "86ad87d86c83cd96089e4a89d1b02b43"
        },
        {
          "type": "icon",
          "assetId": "0SXy73viWFnz",
          "checksum": "6d7f33afc4277e3dc3b036fe8ecb100e"
        },
        {
          "type": "icon",
          "assetId": "ghb0ioAqW918",
          "checksum": "49970b9bf91633b2ff4d6555d4ebf138"
        },
        {
          "type": "icon",
          "assetId": "5QNG6tunExFD",
          "checksum": "6cedf7bddff2556d7db47fcfaa2abcb4"
        },
        {
          "type": "icon",
          "assetId": "MgfWpAaS6AI1",
          "checksum": "c40e59e21365dc71b880fccc91d19e16"
        },
        {
          "type": "image",
          "assetId": "2ysDZQIPtZL4",
          "checksum": "ef350a2990d1bedc27f976927fd93086"
        },
        {
          "type": "image",
          "assetId": "LIjTyIYupv4Z",
          "checksum": "9b60440ebecdccfb91aaf08de97a25a4"
        },
        {
          "type": "image",
          "assetId": "6VgGL-zBlGqY",
          "checksum": "2bf3e9bd540234bd2340a374e4a7fa52"
        },
        {
          "type": "image",
          "assetId": "mDaRB3hx58WY",
          "checksum": "b5f0135df4ac27a1ba9635aea31f271d"
        },
        {
          "type": "image",
          "assetId": "5Wdsp0l_6uah",
          "checksum": "9411fbf4eaaccff495aa2c1e25ca0407"
        },
        {
          "assetId": "sMuK5QvKwWGrkw9DYJKXqS",
          "type": "projectCss",
          "checksum": "cc89e90107d2d7d53bf72c1b7546b41a"
        }
      ],
      "codegenVersion": "0.0.1"
    }
  ],
  "cliVersion": "0.1.327"
}
