{
  "projects": [
    {
      "projectId": "hjKYmYi6HMwK6TRyk7ew5R",
      "version": "6.37.0",
      "dependencies": {},
      "lang": "js",
      "fileLocks": [
        {
          "assetId": "hjKYmYi6HMwK6TRyk7ew5R",
          "type": "projectCss",
          "checksum": "e76cee85e96cb3fff580d5552a47cfe4"
        },
        {
          "assetId": "hjKYmYi6HMwK6TRyk7ew5R",
          "checksum": "ce1c1c4c2068f2505d175a1b6e17d26a",
          "type": "globalContexts"
        }
      ],
      "codegenVersion": "0.0.1"
    },
    {
      "projectId": "YUiM7yqBWAqsh8KSnrdj7",
      "version": "0.27.0",
      "dependencies": {},
      "lang": "js",
      "fileLocks": [
        {
          "assetId": "YUiM7yqBWAqsh8KSnrdj7",
          "type": "projectCss",
          "checksum": "dac72600b04b6e6a3014e82512a15fe1"
        }
      ],
      "codegenVersion": "0.0.1"
    },
    {
      "projectId": "ohDidvG9XsCeFumugENU3J",
      "version": "6.21.0",
      "dependencies": {},
      "lang": "js",
      "fileLocks": [
        {
          "assetId": "ohDidvG9XsCeFumugENU3J",
          "checksum": "de0a0e65174a6a185a8f822af51c6bdd",
          "type": "globalContexts"
        },
        {
          "assetId": "ohDidvG9XsCeFumugENU3J",
          "type": "projectCss",
          "checksum": "fd83b730367fdbde2c69bc6cf31c2a3c"
        }
      ],
      "codegenVersion": "0.0.1"
    },
    {
      "projectId": "7nJ7UcFmq9UzB6eXfC5z4a",
      "version": "0.26.0",
      "dependencies": {},
      "lang": "js",
      "fileLocks": [
        {
          "assetId": "7nJ7UcFmq9UzB6eXfC5z4a",
          "type": "projectCss",
          "checksum": "05587b57f22f0ec8bb54543deb39762e"
        }
      ],
      "codegenVersion": "0.0.1"
    },
    {
      "projectId": "sMuK5QvKwWGrkw9DYJKXqS",
      "version": "latest",
      "dependencies": {
        "7nJ7UcFmq9UzB6eXfC5z4a": "0.26.0",
        "ohDidvG9XsCeFumugENU3J": "6.21.0",
        "YUiM7yqBWAqsh8KSnrdj7": "0.27.0",
        "hjKYmYi6HMwK6TRyk7ew5R": "6.37.0",
        "jkU633o1Cz7HrJdwdxhVHk": "16.8.0",
        "sqPBLwEBBKHA2WDuGb17eV": "0.9.0",
        "r3ASNrnyvLLLAtDvzUioQ": "4.3.0",
        "caTPwKxj5ZrD9LQ7DMdK4Z": "3.34.0",
        "szjgMQpPpxhmkjnaBvZQJG": "2.23.0"
      },
      "lang": "js",
      "fileLocks": [
        {
          "type": "globalVariant",
          "assetId": "CVfb4yQ8quPw",
          "checksum": "f33a80ba15bc3d22f1f1418a01795cdc"
        },
        {
          "assetId": "sMuK5QvKwWGrkw9DYJKXqS",
          "checksum": "59a08cd25ed7c5377075d2ea5ba80a34",
          "type": "globalContexts"
        },
        {
          "type": "renderModule",
          "assetId": "02c6mnCcd3D_",
          "checksum": "70c702124b1617a1e21248818b0b5796"
        },
        {
          "type": "cssRules",
          "assetId": "02c6mnCcd3D_",
          "checksum": "70c702124b1617a1e21248818b0b5796"
        },
        {
          "type": "renderModule",
          "assetId": "9XGMtbgMgxd4",
          "checksum": "692bce694531b59c1532268aabfb1ee8"
        },
        {
          "type": "cssRules",
          "assetId": "9XGMtbgMgxd4",
          "checksum": "692bce694531b59c1532268aabfb1ee8"
        },
        {
          "type": "renderModule",
          "assetId": "Humveg51WdE0",
          "checksum": "34f96d12205e70ad252c464a39de6862"
        },
        {
          "type": "cssRules",
          "assetId": "Humveg51WdE0",
          "checksum": "34f96d12205e70ad252c464a39de6862"
        },
        {
          "type": "renderModule",
          "assetId": "THQJaQv5lxYb",
          "checksum": "584c530d35ef0826d575a59b494e7c8f"
        },
        {
          "type": "cssRules",
          "assetId": "THQJaQv5lxYb",
          "checksum": "584c530d35ef0826d575a59b494e7c8f"
        },
        {
          "type": "renderModule",
          "assetId": "1H_RiyunFQyd",
          "checksum": "25451ef414a6dcf9c0cbd241424d9bfd"
        },
        {
          "type": "cssRules",
          "assetId": "1H_RiyunFQyd",
          "checksum": "25451ef414a6dcf9c0cbd241424d9bfd"
        },
        {
          "type": "renderModule",
          "assetId": "wfq8Pg6xN7lL",
          "checksum": "16456ad1a1955bddb5a971000915f325"
        },
        {
          "type": "cssRules",
          "assetId": "wfq8Pg6xN7lL",
          "checksum": "16456ad1a1955bddb5a971000915f325"
        },
        {
          "type": "renderModule",
          "assetId": "m2U6ZOt1kBnV",
          "checksum": "29d502706842ac905aa936e2535b512e"
        },
        {
          "type": "cssRules",
          "assetId": "m2U6ZOt1kBnV",
          "checksum": "29d502706842ac905aa936e2535b512e"
        },
        {
          "type": "renderModule",
          "assetId": "fuJsS2TYj0Tg",
          "checksum": "a90ac649eb94a7fbac1dce98449d8e33"
        },
        {
          "type": "cssRules",
          "assetId": "fuJsS2TYj0Tg",
          "checksum": "a90ac649eb94a7fbac1dce98449d8e33"
        },
        {
          "type": "renderModule",
          "assetId": "psppkTLgzWJv",
          "checksum": "9d7049107990f05f30c3d8d5f4b5a75d"
        },
        {
          "type": "cssRules",
          "assetId": "psppkTLgzWJv",
          "checksum": "9d7049107990f05f30c3d8d5f4b5a75d"
        },
        {
          "type": "renderModule",
          "assetId": "CdorolRrquMt",
          "checksum": "10e8a773ea990e95bd9e082452a1ce3d"
        },
        {
          "type": "cssRules",
          "assetId": "CdorolRrquMt",
          "checksum": "10e8a773ea990e95bd9e082452a1ce3d"
        },
        {
          "type": "renderModule",
          "assetId": "vYDHj97aG-Fr",
          "checksum": "5c704bfe18058ea6191e3b8104b54d46"
        },
        {
          "type": "cssRules",
          "assetId": "vYDHj97aG-Fr",
          "checksum": "5c704bfe18058ea6191e3b8104b54d46"
        },
        {
          "type": "renderModule",
          "assetId": "N9gy9M1hNSpN",
          "checksum": "287b249cbd89951a538e3cf146102fe1"
        },
        {
          "type": "cssRules",
          "assetId": "N9gy9M1hNSpN",
          "checksum": "287b249cbd89951a538e3cf146102fe1"
        },
        {
          "type": "renderModule",
          "assetId": "DmzRb63NDqeE",
          "checksum": "af480e68c8b52a1bec1cb818aa10962c"
        },
        {
          "type": "cssRules",
          "assetId": "DmzRb63NDqeE",
          "checksum": "af480e68c8b52a1bec1cb818aa10962c"
        },
        {
          "type": "renderModule",
          "assetId": "jft_q_QOdIxS",
          "checksum": "3c6532fd7d318bdeb31f2afddc81bb1c"
        },
        {
          "type": "cssRules",
          "assetId": "jft_q_QOdIxS",
          "checksum": "3c6532fd7d318bdeb31f2afddc81bb1c"
        },
        {
          "type": "renderModule",
          "assetId": "fgkgj9cztLFy",
          "checksum": "40b6a58a247b6b8c6ad9422fb4d34c6c"
        },
        {
          "type": "cssRules",
          "assetId": "fgkgj9cztLFy",
          "checksum": "40b6a58a247b6b8c6ad9422fb4d34c6c"
        },
        {
          "type": "renderModule",
          "assetId": "AYCB2JsD6a96",
          "checksum": "97990522579a2d76b738fc3bab809935"
        },
        {
          "type": "cssRules",
          "assetId": "AYCB2JsD6a96",
          "checksum": "97990522579a2d76b738fc3bab809935"
        },
        {
          "type": "renderModule",
          "assetId": "E54ySe9kb_ns",
          "checksum": "f1329cc5943ea524edf09011fd3d5c20"
        },
        {
          "type": "cssRules",
          "assetId": "E54ySe9kb_ns",
          "checksum": "f1329cc5943ea524edf09011fd3d5c20"
        },
        {
          "type": "renderModule",
          "assetId": "GyNHfM4sC7dg",
          "checksum": "923c7e36b335112eeb5eca413a119d44"
        },
        {
          "type": "cssRules",
          "assetId": "GyNHfM4sC7dg",
          "checksum": "923c7e36b335112eeb5eca413a119d44"
        },
        {
          "type": "renderModule",
          "assetId": "EBaTriZvUq0t",
          "checksum": "bb07b9ce57ad67be09ca99c9e7cb56dc"
        },
        {
          "type": "cssRules",
          "assetId": "EBaTriZvUq0t",
          "checksum": "bb07b9ce57ad67be09ca99c9e7cb56dc"
        },
        {
          "type": "renderModule",
          "assetId": "YwLEwoKK2_A_",
          "checksum": "51f4c4a9da2ef025bac2e763ccf80b76"
        },
        {
          "type": "cssRules",
          "assetId": "YwLEwoKK2_A_",
          "checksum": "51f4c4a9da2ef025bac2e763ccf80b76"
        },
        {
          "type": "renderModule",
          "assetId": "lvuurI1LIC5j",
          "checksum": "f5cba79a9dc49165738d33ea93de6e63"
        },
        {
          "type": "cssRules",
          "assetId": "lvuurI1LIC5j",
          "checksum": "f5cba79a9dc49165738d33ea93de6e63"
        },
        {
          "type": "renderModule",
          "assetId": "DmT0Nv4lo2K2",
          "checksum": "88e4fb5905620968f364f26f158566f2"
        },
        {
          "type": "cssRules",
          "assetId": "DmT0Nv4lo2K2",
          "checksum": "88e4fb5905620968f364f26f158566f2"
        },
        {
          "type": "renderModule",
          "assetId": "3S4AvuTUvqsi",
          "checksum": "90a8bb5dbdfa4e78ce1cec4fba1c527c"
        },
        {
          "type": "cssRules",
          "assetId": "3S4AvuTUvqsi",
          "checksum": "90a8bb5dbdfa4e78ce1cec4fba1c527c"
        },
        {
          "type": "renderModule",
          "assetId": "PJgWtRccDtfX",
          "checksum": "21dd51cfdcbc010f24db252131a99f1b"
        },
        {
          "type": "cssRules",
          "assetId": "PJgWtRccDtfX",
          "checksum": "21dd51cfdcbc010f24db252131a99f1b"
        },
        {
          "type": "renderModule",
          "assetId": "NGI8y2GcvmiY",
          "checksum": "60dbf3accafba0299c43668bf8c6b1ca"
        },
        {
          "type": "cssRules",
          "assetId": "NGI8y2GcvmiY",
          "checksum": "60dbf3accafba0299c43668bf8c6b1ca"
        },
        {
          "type": "renderModule",
          "assetId": "VOI3V9ZXwYTg",
          "checksum": "a95c24482262df49e35922e2d37e9374"
        },
        {
          "type": "cssRules",
          "assetId": "VOI3V9ZXwYTg",
          "checksum": "a95c24482262df49e35922e2d37e9374"
        },
        {
          "type": "icon",
          "assetId": "sQ8x7sChxUSk",
          "checksum": "5517d615815d8e866be8639ce69ca827"
        },
        {
          "type": "icon",
          "assetId": "kjxdzeGDgxa9",
          "checksum": "86ad87d86c83cd96089e4a89d1b02b43"
        },
        {
          "type": "icon",
          "assetId": "0SXy73viWFnz",
          "checksum": "6d7f33afc4277e3dc3b036fe8ecb100e"
        },
        {
          "type": "icon",
          "assetId": "ghb0ioAqW918",
          "checksum": "49970b9bf91633b2ff4d6555d4ebf138"
        },
        {
          "type": "icon",
          "assetId": "5QNG6tunExFD",
          "checksum": "6cedf7bddff2556d7db47fcfaa2abcb4"
        },
        {
          "type": "icon",
          "assetId": "MgfWpAaS6AI1",
          "checksum": "c40e59e21365dc71b880fccc91d19e16"
        },
        {
          "type": "image",
          "assetId": "2ysDZQIPtZL4",
          "checksum": "ef350a2990d1bedc27f976927fd93086"
        },
        {
          "type": "image",
          "assetId": "LIjTyIYupv4Z",
          "checksum": "9b60440ebecdccfb91aaf08de97a25a4"
        },
        {
          "type": "image",
          "assetId": "6VgGL-zBlGqY",
          "checksum": "2bf3e9bd540234bd2340a374e4a7fa52"
        },
        {
          "type": "image",
          "assetId": "mDaRB3hx58WY",
          "checksum": "b5f0135df4ac27a1ba9635aea31f271d"
        },
        {
          "type": "image",
          "assetId": "5Wdsp0l_6uah",
          "checksum": "9411fbf4eaaccff495aa2c1e25ca0407"
        },
        {
          "type": "renderModule",
          "assetId": "_qA7UAc8SxS9",
          "checksum": "b42384a87baa9cec65a7b7f1eecd7d4b"
        },
        {
          "type": "cssRules",
          "assetId": "_qA7UAc8SxS9",
          "checksum": "b42384a87baa9cec65a7b7f1eecd7d4b"
        },
        {
          "type": "renderModule",
          "assetId": "THAZfZJc3WJf",
          "checksum": "fb34ff838ea75f228edabfa921d46724"
        },
        {
          "type": "cssRules",
          "assetId": "THAZfZJc3WJf",
          "checksum": "fb34ff838ea75f228edabfa921d46724"
        },
        {
          "type": "renderModule",
          "assetId": "LfkSQr06H7hh",
          "checksum": "0475dcedf0221902818c88d859fde4f4"
        },
        {
          "type": "cssRules",
          "assetId": "LfkSQr06H7hh",
          "checksum": "0475dcedf0221902818c88d859fde4f4"
        },
        {
          "assetId": "sMuK5QvKwWGrkw9DYJKXqS",
          "type": "projectCss",
          "checksum": "f080c08208596fa26b66fd1f11e4861e"
        },
        {
          "type": "renderModule",
          "assetId": "ly8A8hR8IqkD",
          "checksum": "af7022764e772b15b188937733a6d9f7"
        },
        {
          "type": "cssRules",
          "assetId": "ly8A8hR8IqkD",
          "checksum": "af7022764e772b15b188937733a6d9f7"
        },
        {
          "type": "renderModule",
          "assetId": "zq2i0ICbKSqp",
          "checksum": "be3464e0c2b2219658c237189587a823"
        },
        {
          "type": "cssRules",
          "assetId": "zq2i0ICbKSqp",
          "checksum": "be3464e0c2b2219658c237189587a823"
        },
        {
          "type": "renderModule",
          "assetId": "t4t5iuuXtsDC",
          "checksum": "287fe5af8568085e9bbc61dcf57fc8c3"
        },
        {
          "type": "cssRules",
          "assetId": "t4t5iuuXtsDC",
          "checksum": "287fe5af8568085e9bbc61dcf57fc8c3"
        },
        {
          "type": "renderModule",
          "assetId": "8kXWecR7xP8z",
          "checksum": "7c80218850d6b6bb8c4df2be6019ba5e"
        },
        {
          "type": "cssRules",
          "assetId": "8kXWecR7xP8z",
          "checksum": "7c80218850d6b6bb8c4df2be6019ba5e"
        },
        {
          "type": "renderModule",
          "assetId": "Xpzsb6OiU32Q",
          "checksum": "3b6d7f43ea5841472bd8c2d88dd856ef"
        },
        {
          "type": "cssRules",
          "assetId": "Xpzsb6OiU32Q",
          "checksum": "3b6d7f43ea5841472bd8c2d88dd856ef"
        },
        {
          "type": "renderModule",
          "assetId": "cWG6a7NvFXFS",
          "checksum": "2053fa244ee3bb6be21235c689971d97"
        },
        {
          "type": "cssRules",
          "assetId": "cWG6a7NvFXFS",
          "checksum": "2053fa244ee3bb6be21235c689971d97"
        },
        {
          "type": "renderModule",
          "assetId": "Rs2G9aLuydaK",
          "checksum": "b23d3bc0e88ea02d0f91dc4958ea94ce"
        },
        {
          "type": "cssRules",
          "assetId": "Rs2G9aLuydaK",
          "checksum": "b23d3bc0e88ea02d0f91dc4958ea94ce"
        },
        {
          "type": "renderModule",
          "assetId": "3bwYd8h7M2ky",
          "checksum": "d97baededb71b28a0d909ed604df5e07"
        },
        {
          "type": "cssRules",
          "assetId": "3bwYd8h7M2ky",
          "checksum": "d97baededb71b28a0d909ed604df5e07"
        },
        {
          "type": "renderModule",
          "assetId": "gRqSJu91s1nm",
          "checksum": "4b1bc147ec8921768364d5938feaf31d"
        },
        {
          "type": "cssRules",
          "assetId": "gRqSJu91s1nm",
          "checksum": "4b1bc147ec8921768364d5938feaf31d"
        },
        {
          "type": "renderModule",
          "assetId": "vsk85xXTIg3V",
          "checksum": "98d29492cd6b11b490b067238f8d765b"
        },
        {
          "type": "cssRules",
          "assetId": "vsk85xXTIg3V",
          "checksum": "98d29492cd6b11b490b067238f8d765b"
        },
        {
          "type": "renderModule",
          "assetId": "Hs8TCF6h8IMi",
          "checksum": "fe86da9e029efdd3fc554ce9542caf26"
        },
        {
          "type": "cssRules",
          "assetId": "Hs8TCF6h8IMi",
          "checksum": "fe86da9e029efdd3fc554ce9542caf26"
        },
        {
          "type": "renderModule",
          "assetId": "b16l3rPOxSNi",
          "checksum": "9e2e4a553f64b646b5b12e9c95e8df11"
        },
        {
          "type": "cssRules",
          "assetId": "b16l3rPOxSNi",
          "checksum": "9e2e4a553f64b646b5b12e9c95e8df11"
        },
        {
          "type": "renderModule",
          "assetId": "nsweVcsOwu0x",
          "checksum": "24bb64a623855a7f7b5f7b1f381065c1"
        },
        {
          "type": "cssRules",
          "assetId": "nsweVcsOwu0x",
          "checksum": "24bb64a623855a7f7b5f7b1f381065c1"
        },
        {
          "type": "renderModule",
          "assetId": "g4vpe2hpy5p9",
          "checksum": "1c2082f1ec3d6c8541d034770badd957"
        },
        {
          "type": "cssRules",
          "assetId": "g4vpe2hpy5p9",
          "checksum": "1c2082f1ec3d6c8541d034770badd957"
        },
        {
          "type": "renderModule",
          "assetId": "7L-SvLePx543",
          "checksum": "351041f36214d2344503555465491103"
        },
        {
          "type": "cssRules",
          "assetId": "7L-SvLePx543",
          "checksum": "351041f36214d2344503555465491103"
        },
        {
          "type": "renderModule",
          "assetId": "cqE4tnpYrz_3",
          "checksum": "b6f86e11148c4f0d3b25efb6882e8cbf"
        },
        {
          "type": "cssRules",
          "assetId": "cqE4tnpYrz_3",
          "checksum": "b6f86e11148c4f0d3b25efb6882e8cbf"
        },
        {
          "type": "renderModule",
          "assetId": "XKs8X1cbiEqZ",
          "checksum": "bea3fdd2285822ea32348c019ec4ae2c"
        },
        {
          "type": "cssRules",
          "assetId": "XKs8X1cbiEqZ",
          "checksum": "bea3fdd2285822ea32348c019ec4ae2c"
        },
        {
          "type": "renderModule",
          "assetId": "c5HiDm6LGjFo",
          "checksum": "1fb1a083ef6460a5679a56d0a8e02030"
        },
        {
          "type": "cssRules",
          "assetId": "c5HiDm6LGjFo",
          "checksum": "1fb1a083ef6460a5679a56d0a8e02030"
        },
        {
          "type": "icon",
          "assetId": "RpFdfTSvGoqL",
          "checksum": "1f87b1c1124a26404b79dd6d95883163"
        },
        {
          "type": "icon",
          "assetId": "cwPYYlEkjcNa",
          "checksum": "cc4c2848fa455d19ac510607f1fe5228"
        },
        {
          "type": "icon",
          "assetId": "rEso50QiXr9p",
          "checksum": "49a27b9acf8fcf8094f144da5d87ac6e"
        },
        {
          "type": "icon",
          "assetId": "HbXB__ufR_49",
          "checksum": "14dde1c12cf7c4bfd9ab8d31ab5eae3c"
        },
        {
          "type": "icon",
          "assetId": "J7NUZGi13DH7",
          "checksum": "f701831d5696901ae97d4d98f61b64f6"
        },
        {
          "type": "icon",
          "assetId": "Q5Tt2lJD3OxE",
          "checksum": "3e5710c401a198a0a097337d83c76ec7"
        },
        {
          "type": "icon",
          "assetId": "pcaWvku_RaYT",
          "checksum": "8164b60efc522857f6ee2cf26dc9e144"
        },
        {
          "type": "icon",
          "assetId": "dxxFmv4mUiu8",
          "checksum": "80a4aab8d145d2d665b24f625e7661e9"
        },
        {
          "type": "icon",
          "assetId": "Q_ehnLq0C3m3",
          "checksum": "91be8b1bafea93f39b9de4d71cb2f06f"
        },
        {
          "type": "icon",
          "assetId": "o3Ru2uuLe7Fo",
          "checksum": "8ea7be195897b55d2f3f5ede0e02df03"
        },
        {
          "type": "icon",
          "assetId": "wz2VlRy9MfvN",
          "checksum": "8938e2410fd91d763a6708e3533576ce"
        },
        {
          "type": "icon",
          "assetId": "NS6r9yCthJPp",
          "checksum": "09ae9eeb3f91f9e5f94a57ccb6561a9f"
        },
        {
          "type": "icon",
          "assetId": "6_stLtd-2ZCK",
          "checksum": "2b43db5a1705f7cfd501925eb12c8c30"
        },
        {
          "type": "icon",
          "assetId": "586T9ou4-WvZ",
          "checksum": "eabd931ca5b05d9b37a52ebd9700f887"
        },
        {
          "type": "icon",
          "assetId": "nsrMIqupGEww",
          "checksum": "4a9616d421ecf727d90ca706f5806e67"
        },
        {
          "type": "icon",
          "assetId": "8bGAZA9Qeqec",
          "checksum": "3d0c3ea913449b83bc7bc62355d2af09"
        },
        {
          "type": "icon",
          "assetId": "9FBx-mESuNYD",
          "checksum": "444020e7eb1528932078719e0ca8c9cc"
        },
        {
          "type": "icon",
          "assetId": "dGdiCUmNcWti",
          "checksum": "a939d2d61277cc05cc371f51f7746691"
        },
        {
          "type": "icon",
          "assetId": "ftier6gf0oj4",
          "checksum": "e14b131e16602618010d280be207e4e3"
        },
        {
          "type": "icon",
          "assetId": "Y7aUT5K_2ggu",
          "checksum": "f0acc323907a1a9b11fc84f79d493e39"
        },
        {
          "type": "icon",
          "assetId": "061U-AgyT6u3",
          "checksum": "1b7fc30b0d4bccba6741bc6f25f2477b"
        },
        {
          "type": "icon",
          "assetId": "q8pgXyBRx6UP",
          "checksum": "f23b7c6dd4437c3a459a0296ba1023f5"
        },
        {
          "type": "icon",
          "assetId": "HizeUeu3LTcz",
          "checksum": "a117d646cfebbf2ea745f51103eeaef7"
        },
        {
          "type": "icon",
          "assetId": "zMYr0WGxDEdW",
          "checksum": "cc3eeeee391a42bdadadef19a50f7ab2"
        },
        {
          "type": "image",
          "assetId": "0wV1eBGFi7b_",
          "checksum": "45c34d9e25350adb26b9eaae46d1c67d"
        },
        {
          "type": "image",
          "assetId": "Ej2bTcQ9_ZpD",
          "checksum": "c1b095553e24f76a85fb9088fc8b5ab7"
        },
        {
          "type": "image",
          "assetId": "hzSKz0dI1Sa4",
          "checksum": "52d7273734d557d2bc0adaf1ec94e01b"
        },
        {
          "type": "image",
          "assetId": "mCwfsACvTtVq",
          "checksum": "2a016a6415052b98eeacdc4cbca46e37"
        },
        {
          "type": "image",
          "assetId": "Au-r8h6pHmpV",
          "checksum": "302301e6bc5ad409001ebdb604ba87f4"
        },
        {
          "type": "image",
          "assetId": "AkIFrNA7stHQ",
          "checksum": "de6da7cdbc161befa6edf6473e60f13e"
        },
        {
          "type": "image",
          "assetId": "SxZ0VwpDDAg5",
          "checksum": "785283cdd70988038c4a7bddd79bdcec"
        },
        {
          "type": "image",
          "assetId": "we_Tg7A60_j4",
          "checksum": "ab8a6aec463fe08fc24df7bcb6092152"
        },
        {
          "type": "image",
          "assetId": "xfBCG4ScPk_u",
          "checksum": "5c1224aedea920653867c50bdea52b0a"
        },
        {
          "type": "image",
          "assetId": "Wj3PIXS8XY-z",
          "checksum": "dda2dbbb428397c007b5858125f7d390"
        },
        {
          "type": "image",
          "assetId": "FPt06bPeg_Lk",
          "checksum": "e0d06ce2dfa0d599691f1300937e11a5"
        },
        {
          "type": "image",
          "assetId": "_wKm90ebGYaJ",
          "checksum": "a971f3b7959619b4bfae54d43111a820"
        },
        {
          "type": "image",
          "assetId": "JlXyWqOi2iup",
          "checksum": "3e21c3f8ec6a21773e287108c674f65e"
        },
        {
          "type": "image",
          "assetId": "TD6VPSBfMilw",
          "checksum": "9dd7ac17c9ed4bfe12546eff7e6fb2db"
        },
        {
          "type": "image",
          "assetId": "VidtWNKPmnnZ",
          "checksum": "5ebe7ad8cbf3462f6144286a9f410785"
        },
        {
          "type": "image",
          "assetId": "_91sJmSipair",
          "checksum": "0374945ca16ac4a9ed1ad033833f1d4b"
        },
        {
          "type": "image",
          "assetId": "3tOpm5m2-Sxd",
          "checksum": "dfeeaf39e6fb8f6d63bd148946e4df2a"
        },
        {
          "type": "image",
          "assetId": "PIR4if1xeCC5",
          "checksum": "8e799b39df1f965be76494cf66ab961d"
        },
        {
          "type": "image",
          "assetId": "mWC0Phhvfuov",
          "checksum": "87ecea1920557c5bba073dc1724aecbb"
        },
        {
          "type": "image",
          "assetId": "VrQDtCUSASN4",
          "checksum": "61564d8ea34fff1178a47166589adc0b"
        },
        {
          "type": "image",
          "assetId": "4MfTUtXFZ19Z",
          "checksum": "ade748f35fdcb3379e9d395384f2b482"
        },
        {
          "type": "image",
          "assetId": "YjsHgWjMNcGQ",
          "checksum": "a580b9b13e7a9fb7bb7aa5e7bf207d95"
        },
        {
          "type": "image",
          "assetId": "RHsYNGQPr-wf",
          "checksum": "400e9111545af6ae3ed9960a39d1ba97"
        },
        {
          "type": "image",
          "assetId": "fiDDthMvyXMn",
          "checksum": "faf8f2076ce22b05d395ea91e01db09e"
        },
        {
          "type": "image",
          "assetId": "6dudZZSkf9Yn",
          "checksum": "d24a9dafbcc85bafe6502ca4954c6609"
        },
        {
          "type": "image",
          "assetId": "d_P42p7OcH8k",
          "checksum": "38b47539252618c0451503408c6adfe4"
        },
        {
          "type": "image",
          "assetId": "OAYrJaj5iF8J",
          "checksum": "afe6d9fb5276dc351a708f0761087bf5"
        },
        {
          "type": "image",
          "assetId": "RuhDssPBDVK6",
          "checksum": "7ba618e9db13f708b6e29a0fa9e9c113"
        },
        {
          "type": "image",
          "assetId": "0YqkG-WG2TYH",
          "checksum": "88ebbe811d25b5ac5bf4b1040afeab44"
        },
        {
          "type": "image",
          "assetId": "5osC01TzqUOB",
          "checksum": "b9f2c4240e99133310a4d7b8ee55d658"
        },
        {
          "type": "image",
          "assetId": "HtjE3PFtjVun",
          "checksum": "6c2df894defe59f00f2c2ac6c3545bb4"
        },
        {
          "type": "image",
          "assetId": "pc3LRJT5hUPV",
          "checksum": "ef2d5e9d1ec2ee36569e457a6be44839"
        },
        {
          "type": "image",
          "assetId": "edjQilO_enib",
          "checksum": "e4ff933daee97e427c8a43cacda54f02"
        },
        {
          "type": "image",
          "assetId": "mJTlZjLMM4bV",
          "checksum": "cf2b7503ba61ae6f9f698045b458ba8c"
        },
        {
          "type": "image",
          "assetId": "AKQohAPEa-Ng",
          "checksum": "1fb39014946cb73c47b6d5f6872664bb"
        },
        {
          "type": "image",
          "assetId": "M7q65md39g76",
          "checksum": "d44332c239d7c28862bbe0f446226e1f"
        },
        {
          "type": "image",
          "assetId": "H1Rnr_acJUhv",
          "checksum": "4465162dcd6aef8659fb13c4a839bfc1"
        },
        {
          "type": "image",
          "assetId": "Qb5T_SitpCeh",
          "checksum": "3b899c57d5224618b1c99d521cf31a99"
        },
        {
          "type": "image",
          "assetId": "1i7BBk1_uwk8",
          "checksum": "5b0b450dfd4520f19359d904f4123576"
        },
        {
          "type": "image",
          "assetId": "SPi-3Yd3J2hF",
          "checksum": "8942e6c754fa5373518baf3dcc41f493"
        },
        {
          "type": "image",
          "assetId": "yPn1fslwd1T1",
          "checksum": "0b6063863023d2c36ea86ae9fc3babce"
        },
        {
          "type": "image",
          "assetId": "KcguTpBMqH0Q",
          "checksum": "4ead5562972a201eddb48d4f1faf15d7"
        },
        {
          "type": "image",
          "assetId": "xbINrhbKoCj0",
          "checksum": "f99bbbf9e566523443b60a7c1f025192"
        },
        {
          "type": "image",
          "assetId": "tCJLFrM0_4gD",
          "checksum": "ddad1fd2ac9823b4345a9d9e1c563d47"
        },
        {
          "type": "image",
          "assetId": "slsbyhreXDZb",
          "checksum": "4f65f4e88ca1cbc6946800f3087b38b9"
        },
        {
          "type": "image",
          "assetId": "Oai2vv_74AjO",
          "checksum": "1d1d9896a101fd7a096fd388cb340914"
        },
        {
          "type": "image",
          "assetId": "rGcdC2Z1eoYm",
          "checksum": "eec8bfac1efb37c24b5b92928870f61e"
        },
        {
          "type": "image",
          "assetId": "UstFNDZBerOX",
          "checksum": "8ca2f8985eb7ba5d0af95520bf9cfbcc"
        },
        {
          "type": "image",
          "assetId": "6UkHVFJrTmH-",
          "checksum": "d9f567954df7241e4fee201de4ebcfc3"
        },
        {
          "type": "image",
          "assetId": "mc8aFlv8drC_",
          "checksum": "c207bf7ecade30f02f8c192d7d5898eb"
        },
        {
          "type": "image",
          "assetId": "WoHuUeidgG-l",
          "checksum": "bcc3d7e1485bb886bf483451231944f3"
        },
        {
          "type": "image",
          "assetId": "qF17x1x9X04F",
          "checksum": "3a837198692f42d804f17aabb33be89b"
        },
        {
          "type": "image",
          "assetId": "dEVkfCwWhw_7",
          "checksum": "fddd17b14cff0df3441cbfa7908ae612"
        },
        {
          "type": "image",
          "assetId": "KI5unUPN1tL5",
          "checksum": "e87a00c06bbdb373a6ebcbd5cb447ee2"
        },
        {
          "type": "image",
          "assetId": "d_R9dwE8zCx5",
          "checksum": "9f6f4b8bd5fd933acfcced650c57ae55"
        },
        {
          "type": "image",
          "assetId": "P1EyhkuUdZpD",
          "checksum": "ca49ce5388724ba6974649b7bee65c80"
        },
        {
          "type": "image",
          "assetId": "rYagEE-7MXCK",
          "checksum": "547160316ec1833e45c3be1183ceb2d0"
        },
        {
          "type": "image",
          "assetId": "tustGx3fvYGn",
          "checksum": "4e5dd441e7a295ab2bb94b054ada247d"
        },
        {
          "type": "image",
          "assetId": "1VxxKAmUrIcd",
          "checksum": "d86182e74812f8c4546b9deb053a97d7"
        },
        {
          "type": "image",
          "assetId": "zckk7Ry__EIl",
          "checksum": "dcf917f7897e324257f374a8e716b0ba"
        },
        {
          "type": "image",
          "assetId": "42B1q8uBGr7e",
          "checksum": "f79546ca9f7d010ffbe7063881064a2d"
        },
        {
          "type": "image",
          "assetId": "mfhCO86X7EdH",
          "checksum": "34a19f4f6a9cd3262c3d63adb514c1f8"
        },
        {
          "type": "image",
          "assetId": "410HAQSi0xVh",
          "checksum": "04fd61b4e5a5ec17bc009952a2516ed2"
        },
        {
          "type": "image",
          "assetId": "iuUE1EpNHWM3",
          "checksum": "3e98614ebc6cac2a9adf464cda3ae0b7"
        },
        {
          "type": "image",
          "assetId": "i6-QdafH0z2H",
          "checksum": "d3b5e191365c88077bbf392db92bc55a"
        },
        {
          "type": "image",
          "assetId": "MgwLQbPCdH3E",
          "checksum": "ffa1bac6ea3510ed5f8d42f54f588d19"
        },
        {
          "type": "image",
          "assetId": "foN6r23-ohYm",
          "checksum": "5cebf084a77cb0549805826afac116ff"
        },
        {
          "type": "image",
          "assetId": "lC4rF1qxGND4",
          "checksum": "c91024d02d5fc7482cc288b7c18226f7"
        },
        {
          "type": "image",
          "assetId": "g55nJVMt9Oix",
          "checksum": "5a75d947415678f39ef3d57202bceb78"
        },
        {
          "type": "image",
          "assetId": "JlabhdHlN_hy",
          "checksum": "3221a2a60aefe2868e4e49bdde13e18d"
        },
        {
          "type": "image",
          "assetId": "8l8ve00n43qm",
          "checksum": "fa1a43a807e94d848a3a00e0f8c72431"
        },
        {
          "type": "image",
          "assetId": "TZlmNm5XswOr",
          "checksum": "8607a0d204e5f9e879a78c7fff3ee7c2"
        },
        {
          "type": "image",
          "assetId": "MHjqE_6HQ2kp",
          "checksum": "62b8f56e6762f310d66c5e1198d12036"
        },
        {
          "type": "image",
          "assetId": "6RdiFthnlxSj",
          "checksum": "b14bd7d09a73aa4168c9949a6a3ff159"
        }
      ],
      "codegenVersion": "0.0.1"
    },
    {
      "projectId": "szjgMQpPpxhmkjnaBvZQJG",
      "version": "2.23.0",
      "dependencies": {},
      "lang": "js",
      "fileLocks": [
        {
          "assetId": "szjgMQpPpxhmkjnaBvZQJG",
          "type": "projectCss",
          "checksum": "29b90e78e5c36e5dc978e0c572d9fc75"
        }
      ],
      "codegenVersion": "0.0.1"
    },
    {
      "projectId": "caTPwKxj5ZrD9LQ7DMdK4Z",
      "version": "3.34.0",
      "dependencies": {},
      "lang": "js",
      "fileLocks": [
        {
          "assetId": "caTPwKxj5ZrD9LQ7DMdK4Z",
          "type": "projectCss",
          "checksum": "e1ec850476829c38b0f9b6d4f7ac446a"
        }
      ],
      "codegenVersion": "0.0.1"
    },
    {
      "projectId": "r3ASNrnyvLLLAtDvzUioQ",
      "version": "4.3.0",
      "dependencies": {},
      "lang": "js",
      "fileLocks": [
        {
          "assetId": "r3ASNrnyvLLLAtDvzUioQ",
          "type": "projectCss",
          "checksum": "e1ec850476829c38b0f9b6d4f7ac446a"
        }
      ],
      "codegenVersion": "0.0.1"
    },
    {
      "projectId": "sqPBLwEBBKHA2WDuGb17eV",
      "version": "0.9.0",
      "dependencies": {},
      "lang": "js",
      "fileLocks": [
        {
          "assetId": "sqPBLwEBBKHA2WDuGb17eV",
          "type": "projectCss",
          "checksum": "e1ec850476829c38b0f9b6d4f7ac446a"
        },
        {
          "type": "renderModule",
          "assetId": "5nirPCGmCnRD",
          "checksum": "befb42157c3411a08cc0faaf75bdb566"
        },
        {
          "type": "cssRules",
          "assetId": "5nirPCGmCnRD",
          "checksum": "befb42157c3411a08cc0faaf75bdb566"
        },
        {
          "type": "icon",
          "assetId": "Wyt3GMMsLefj",
          "checksum": "d8c88f04735c43b3f7790b0889d20e0c"
        },
        {
          "type": "icon",
          "assetId": "MbDRsJU0e3bw",
          "checksum": "92672aa6935120ebaac11939d8d127bb"
        }
      ],
      "codegenVersion": "0.0.1"
    },
    {
      "projectId": "jkU633o1Cz7HrJdwdxhVHk",
      "version": "16.8.0",
      "dependencies": {},
      "lang": "js",
      "fileLocks": [
        {
          "assetId": "jkU633o1Cz7HrJdwdxhVHk",
          "type": "projectCss",
          "checksum": "0581d4378bb1604bb5fe3f65bb0a37de"
        }
      ],
      "codegenVersion": "0.0.1"
    }
  ],
  "cliVersion": "0.1.327"
}
